
Microsoft Visual Studio Solution File, Format Version 12.00
# Visual Studio 15
VisualStudioVersion = 15.0.28010.2026
MinimumVisualStudioVersion = 10.0.40219.1
Project("{8BC9CEB8-8B4A-11D0-8D11-00A0C91BC942}") = "STUDY", "STUDY\STUDY.vcxproj", "{81698739-A9B5-420A-B15E-2540EE923961}"
EndProject
Project("{8BC9CEB8-8B4A-11D0-8D11-00A0C91BC942}") = "0807", "0807\0807.vcxproj", "{7EAE3CA0-56E6-49B7-A6C4-2506890C59E5}"
EndProject
Project("{8BC9CEB8-8B4A-11D0-8D11-00A0C91BC942}") = "0807_Pointer", "0807_Pointer\0807_Pointer.vcxproj", "{4CB1F7A2-CD34-43B8-BC7A-94DA679113F2}"
EndProject
Project("{8BC9CEB8-8B4A-11D0-8D11-00A0C91BC942}") = "0807_strstr_LetItgo", "0807_strstr_LetItgo\0807_strstr_LetItgo.vcxproj", "{EC804CE5-DDE5-4A21-8FDA-6BFA0591A669}"
EndProject
Project("{8BC9CEB8-8B4A-11D0-8D11-00A0C91BC942}") = "0807_BoxCheck", "0807_BoxCheck\0807_BoxCheck.vcxproj", "{036B7142-BCFB-47CB-A0A0-4956D0210FB5}"
EndProject
Project("{8BC9CEB8-8B4A-11D0-8D11-00A0C91BC942}") = "0808_동적할당", "0808_동적할당\0808_동적할당.vcxproj", "{7ED0B289-6C96-440A-BF33-22C22A760FB2}"
EndProject
Project("{8BC9CEB8-8B4A-11D0-8D11-00A0C91BC942}") = "0808_List", "0808_List\0808_List.vcxproj", "{6B8B2493-C85D-4A10-9D57-35A92CCD9EC9}"
EndProject
Project("{8BC9CEB8-8B4A-11D0-8D11-00A0C91BC942}") = "0808_Racing", "0808_Racing\0808_Racing.vcxproj", "{4F899830-CBF9-435F-B922-85B288F77E89}"
EndProject
Project("{8BC9CEB8-8B4A-11D0-8D11-00A0C91BC942}") = "0809_Main", "0809_Main\0809_Main.vcxproj", "{D71511DB-9AE3-471C-9F30-B35BA7158EF2}"
EndProject
Project("{8BC9CEB8-8B4A-11D0-8D11-00A0C91BC942}") = "0809_Bank", "0809_Bank\0809_Bank.vcxproj", "{B43F6A14-34AF-4F02-9811-E0322381CF46}"
EndProject
Project("{8BC9CEB8-8B4A-11D0-8D11-00A0C91BC942}") = "0809_Baseball_Game", "0809_Baseball_Game\0809_Baseball_Game.vcxproj", "{E4A6604C-ABAB-4054-A5B6-CB8F663EF768}"
EndProject
Project("{8BC9CEB8-8B4A-11D0-8D11-00A0C91BC942}") = "0809_parsing", "0809_parsing\0809_parsing.vcxproj", "{A85F1C5F-6CED-430F-8963-864B4C7098E0}"
EndProject
Project("{8BC9CEB8-8B4A-11D0-8D11-00A0C91BC942}") = "0812_C++_Main", "0812_C++_Main\0812_C++_Main.vcxproj", "{7D30B71F-B007-4198-BE3F-C9F9DD7FB163}"
EndProject
Project("{8BC9CEB8-8B4A-11D0-8D11-00A0C91BC942}") = "0812_C++_OOP2", "0812_C++_OOP2\0812_C++_OOP2.vcxproj", "{29CED9A5-0E9F-4538-92AB-5D84ED98F01A}"
EndProject
Project("{8BC9CEB8-8B4A-11D0-8D11-00A0C91BC942}") = "0812_C++_OOP3", "0812_C++_OOP3\0812_C++_OOP3.vcxproj", "{82DBEAB8-7A0C-477A-9C2C-B8968E4429ED}"
EndProject
Project("{8BC9CEB8-8B4A-11D0-8D11-00A0C91BC942}") = "0812_C++_SNAKE", "0812_C++_SNAKE\0812_C++_SNAKE.vcxproj", "{F360D0F9-2176-4CC2-87F9-133B5078169F}"
EndProject
Global
	GlobalSection(SolutionConfigurationPlatforms) = preSolution
		Debug|x64 = Debug|x64
		Debug|x86 = Debug|x86
		Release|x64 = Release|x64
		Release|x86 = Release|x86
	EndGlobalSection
	GlobalSection(ProjectConfigurationPlatforms) = postSolution
		{81698739-A9B5-420A-B15E-2540EE923961}.Debug|x64.ActiveCfg = Debug|x64
		{81698739-A9B5-420A-B15E-2540EE923961}.Debug|x64.Build.0 = Debug|x64
		{81698739-A9B5-420A-B15E-2540EE923961}.Debug|x86.ActiveCfg = Debug|Win32
		{81698739-A9B5-420A-B15E-2540EE923961}.Debug|x86.Build.0 = Debug|Win32
		{81698739-A9B5-420A-B15E-2540EE923961}.Release|x64.ActiveCfg = Release|x64
		{81698739-A9B5-420A-B15E-2540EE923961}.Release|x64.Build.0 = Release|x64
		{81698739-A9B5-420A-B15E-2540EE923961}.Release|x86.ActiveCfg = Release|Win32
		{81698739-A9B5-420A-B15E-2540EE923961}.Release|x86.Build.0 = Release|Win32
		{7EAE3CA0-56E6-49B7-A6C4-2506890C59E5}.Debug|x64.ActiveCfg = Debug|x64
		{7EAE3CA0-56E6-49B7-A6C4-2506890C59E5}.Debug|x64.Build.0 = Debug|x64
		{7EAE3CA0-56E6-49B7-A6C4-2506890C59E5}.Debug|x86.ActiveCfg = Debug|Win32
		{7EAE3CA0-56E6-49B7-A6C4-2506890C59E5}.Debug|x86.Build.0 = Debug|Win32
		{7EAE3CA0-56E6-49B7-A6C4-2506890C59E5}.Release|x64.ActiveCfg = Release|x64
		{7EAE3CA0-56E6-49B7-A6C4-2506890C59E5}.Release|x64.Build.0 = Release|x64
		{7EAE3CA0-56E6-49B7-A6C4-2506890C59E5}.Release|x86.ActiveCfg = Release|Win32
		{7EAE3CA0-56E6-49B7-A6C4-2506890C59E5}.Release|x86.Build.0 = Release|Win32
		{4CB1F7A2-CD34-43B8-BC7A-94DA679113F2}.Debug|x64.ActiveCfg = Debug|x64
		{4CB1F7A2-CD34-43B8-BC7A-94DA679113F2}.Debug|x64.Build.0 = Debug|x64
		{4CB1F7A2-CD34-43B8-BC7A-94DA679113F2}.Debug|x86.ActiveCfg = Debug|Win32
		{4CB1F7A2-CD34-43B8-BC7A-94DA679113F2}.Debug|x86.Build.0 = Debug|Win32
		{4CB1F7A2-CD34-43B8-BC7A-94DA679113F2}.Release|x64.ActiveCfg = Release|x64
		{4CB1F7A2-CD34-43B8-BC7A-94DA679113F2}.Release|x64.Build.0 = Release|x64
		{4CB1F7A2-CD34-43B8-BC7A-94DA679113F2}.Release|x86.ActiveCfg = Release|Win32
		{4CB1F7A2-CD34-43B8-BC7A-94DA679113F2}.Release|x86.Build.0 = Release|Win32
		{EC804CE5-DDE5-4A21-8FDA-6BFA0591A669}.Debug|x64.ActiveCfg = Debug|x64
		{EC804CE5-DDE5-4A21-8FDA-6BFA0591A669}.Debug|x64.Build.0 = Debug|x64
		{EC804CE5-DDE5-4A21-8FDA-6BFA0591A669}.Debug|x86.ActiveCfg = Debug|Win32
		{EC804CE5-DDE5-4A21-8FDA-6BFA0591A669}.Debug|x86.Build.0 = Debug|Win32
		{EC804CE5-DDE5-4A21-8FDA-6BFA0591A669}.Release|x64.ActiveCfg = Release|x64
		{EC804CE5-DDE5-4A21-8FDA-6BFA0591A669}.Release|x64.Build.0 = Release|x64
		{EC804CE5-DDE5-4A21-8FDA-6BFA0591A669}.Release|x86.ActiveCfg = Release|Win32
		{EC804CE5-DDE5-4A21-8FDA-6BFA0591A669}.Release|x86.Build.0 = Release|Win32
		{036B7142-BCFB-47CB-A0A0-4956D0210FB5}.Debug|x64.ActiveCfg = Debug|x64
		{036B7142-BCFB-47CB-A0A0-4956D0210FB5}.Debug|x64.Build.0 = Debug|x64
		{036B7142-BCFB-47CB-A0A0-4956D0210FB5}.Debug|x86.ActiveCfg = Debug|Win32
		{036B7142-BCFB-47CB-A0A0-4956D0210FB5}.Debug|x86.Build.0 = Debug|Win32
		{036B7142-BCFB-47CB-A0A0-4956D0210FB5}.Release|x64.ActiveCfg = Release|x64
		{036B7142-BCFB-47CB-A0A0-4956D0210FB5}.Release|x64.Build.0 = Release|x64
		{036B7142-BCFB-47CB-A0A0-4956D0210FB5}.Release|x86.ActiveCfg = Release|Win32
		{036B7142-BCFB-47CB-A0A0-4956D0210FB5}.Release|x86.Build.0 = Release|Win32
		{7ED0B289-6C96-440A-BF33-22C22A760FB2}.Debug|x64.ActiveCfg = Debug|x64
		{7ED0B289-6C96-440A-BF33-22C22A760FB2}.Debug|x64.Build.0 = Debug|x64
		{7ED0B289-6C96-440A-BF33-22C22A760FB2}.Debug|x86.ActiveCfg = Debug|Win32
		{7ED0B289-6C96-440A-BF33-22C22A760FB2}.Debug|x86.Build.0 = Debug|Win32
		{7ED0B289-6C96-440A-BF33-22C22A760FB2}.Release|x64.ActiveCfg = Release|x64
		{7ED0B289-6C96-440A-BF33-22C22A760FB2}.Release|x64.Build.0 = Release|x64
		{7ED0B289-6C96-440A-BF33-22C22A760FB2}.Release|x86.ActiveCfg = Release|Win32
		{7ED0B289-6C96-440A-BF33-22C22A760FB2}.Release|x86.Build.0 = Release|Win32
		{6B8B2493-C85D-4A10-9D57-35A92CCD9EC9}.Debug|x64.ActiveCfg = Debug|x64
		{6B8B2493-C85D-4A10-9D57-35A92CCD9EC9}.Debug|x64.Build.0 = Debug|x64
		{6B8B2493-C85D-4A10-9D57-35A92CCD9EC9}.Debug|x86.ActiveCfg = Debug|Win32
		{6B8B2493-C85D-4A10-9D57-35A92CCD9EC9}.Debug|x86.Build.0 = Debug|Win32
		{6B8B2493-C85D-4A10-9D57-35A92CCD9EC9}.Release|x64.ActiveCfg = Release|x64
		{6B8B2493-C85D-4A10-9D57-35A92CCD9EC9}.Release|x64.Build.0 = Release|x64
		{6B8B2493-C85D-4A10-9D57-35A92CCD9EC9}.Release|x86.ActiveCfg = Release|Win32
		{6B8B2493-C85D-4A10-9D57-35A92CCD9EC9}.Release|x86.Build.0 = Release|Win32
		{4F899830-CBF9-435F-B922-85B288F77E89}.Debug|x64.ActiveCfg = Debug|x64
		{4F899830-CBF9-435F-B922-85B288F77E89}.Debug|x64.Build.0 = Debug|x64
		{4F899830-CBF9-435F-B922-85B288F77E89}.Debug|x86.ActiveCfg = Debug|Win32
		{4F899830-CBF9-435F-B922-85B288F77E89}.Debug|x86.Build.0 = Debug|Win32
		{4F899830-CBF9-435F-B922-85B288F77E89}.Release|x64.ActiveCfg = Release|x64
		{4F899830-CBF9-435F-B922-85B288F77E89}.Release|x64.Build.0 = Release|x64
		{4F899830-CBF9-435F-B922-85B288F77E89}.Release|x86.ActiveCfg = Release|Win32
		{4F899830-CBF9-435F-B922-85B288F77E89}.Release|x86.Build.0 = Release|Win32
		{D71511DB-9AE3-471C-9F30-B35BA7158EF2}.Debug|x64.ActiveCfg = Debug|x64
		{D71511DB-9AE3-471C-9F30-B35BA7158EF2}.Debug|x64.Build.0 = Debug|x64
		{D71511DB-9AE3-471C-9F30-B35BA7158EF2}.Debug|x86.ActiveCfg = Debug|Win32
		{D71511DB-9AE3-471C-9F30-B35BA7158EF2}.Debug|x86.Build.0 = Debug|Win32
		{D71511DB-9AE3-471C-9F30-B35BA7158EF2}.Release|x64.ActiveCfg = Release|x64
		{D71511DB-9AE3-471C-9F30-B35BA7158EF2}.Release|x64.Build.0 = Release|x64
		{D71511DB-9AE3-471C-9F30-B35BA7158EF2}.Release|x86.ActiveCfg = Release|Win32
		{D71511DB-9AE3-471C-9F30-B35BA7158EF2}.Release|x86.Build.0 = Release|Win32
		{B43F6A14-34AF-4F02-9811-E0322381CF46}.Debug|x64.ActiveCfg = Debug|x64
		{B43F6A14-34AF-4F02-9811-E0322381CF46}.Debug|x64.Build.0 = Debug|x64
		{B43F6A14-34AF-4F02-9811-E0322381CF46}.Debug|x86.ActiveCfg = Debug|Win32
		{B43F6A14-34AF-4F02-9811-E0322381CF46}.Debug|x86.Build.0 = Debug|Win32
		{B43F6A14-34AF-4F02-9811-E0322381CF46}.Release|x64.ActiveCfg = Release|x64
		{B43F6A14-34AF-4F02-9811-E0322381CF46}.Release|x64.Build.0 = Release|x64
		{B43F6A14-34AF-4F02-9811-E0322381CF46}.Release|x86.ActiveCfg = Release|Win32
		{B43F6A14-34AF-4F02-9811-E0322381CF46}.Release|x86.Build.0 = Release|Win32
		{E4A6604C-ABAB-4054-A5B6-CB8F663EF768}.Debug|x64.ActiveCfg = Debug|x64
		{E4A6604C-ABAB-4054-A5B6-CB8F663EF768}.Debug|x64.Build.0 = Debug|x64
		{E4A6604C-ABAB-4054-A5B6-CB8F663EF768}.Debug|x86.ActiveCfg = Debug|Win32
		{E4A6604C-ABAB-4054-A5B6-CB8F663EF768}.Debug|x86.Build.0 = Debug|Win32
		{E4A6604C-ABAB-4054-A5B6-CB8F663EF768}.Release|x64.ActiveCfg = Release|x64
		{E4A6604C-ABAB-4054-A5B6-CB8F663EF768}.Release|x64.Build.0 = Release|x64
		{E4A6604C-ABAB-4054-A5B6-CB8F663EF768}.Release|x86.ActiveCfg = Release|Win32
		{E4A6604C-ABAB-4054-A5B6-CB8F663EF768}.Release|x86.Build.0 = Release|Win32
		{A85F1C5F-6CED-430F-8963-864B4C7098E0}.Debug|x64.ActiveCfg = Debug|x64
		{A85F1C5F-6CED-430F-8963-864B4C7098E0}.Debug|x64.Build.0 = Debug|x64
		{A85F1C5F-6CED-430F-8963-864B4C7098E0}.Debug|x86.ActiveCfg = Debug|Win32
		{A85F1C5F-6CED-430F-8963-864B4C7098E0}.Debug|x86.Build.0 = Debug|Win32
		{A85F1C5F-6CED-430F-8963-864B4C7098E0}.Release|x64.ActiveCfg = Release|x64
		{A85F1C5F-6CED-430F-8963-864B4C7098E0}.Release|x64.Build.0 = Release|x64
		{A85F1C5F-6CED-430F-8963-864B4C7098E0}.Release|x86.ActiveCfg = Release|Win32
		{A85F1C5F-6CED-430F-8963-864B4C7098E0}.Release|x86.Build.0 = Release|Win32
		{7D30B71F-B007-4198-BE3F-C9F9DD7FB163}.Debug|x64.ActiveCfg = Debug|x64
		{7D30B71F-B007-4198-BE3F-C9F9DD7FB163}.Debug|x64.Build.0 = Debug|x64
		{7D30B71F-B007-4198-BE3F-C9F9DD7FB163}.Debug|x86.ActiveCfg = Debug|Win32
		{7D30B71F-B007-4198-BE3F-C9F9DD7FB163}.Debug|x86.Build.0 = Debug|Win32
		{7D30B71F-B007-4198-BE3F-C9F9DD7FB163}.Release|x64.ActiveCfg = Release|x64
		{7D30B71F-B007-4198-BE3F-C9F9DD7FB163}.Release|x64.Build.0 = Release|x64
		{7D30B71F-B007-4198-BE3F-C9F9DD7FB163}.Release|x86.ActiveCfg = Release|Win32
		{7D30B71F-B007-4198-BE3F-C9F9DD7FB163}.Release|x86.Build.0 = Release|Win32
		{29CED9A5-0E9F-4538-92AB-5D84ED98F01A}.Debug|x64.ActiveCfg = Debug|x64
		{29CED9A5-0E9F-4538-92AB-5D84ED98F01A}.Debug|x64.Build.0 = Debug|x64
		{29CED9A5-0E9F-4538-92AB-5D84ED98F01A}.Debug|x86.ActiveCfg = Debug|Win32
		{29CED9A5-0E9F-4538-92AB-5D84ED98F01A}.Debug|x86.Build.0 = Debug|Win32
		{29CED9A5-0E9F-4538-92AB-5D84ED98F01A}.Release|x64.ActiveCfg = Release|x64
		{29CED9A5-0E9F-4538-92AB-5D84ED98F01A}.Release|x64.Build.0 = Release|x64
		{29CED9A5-0E9F-4538-92AB-5D84ED98F01A}.Release|x86.ActiveCfg = Release|Win32
		{29CED9A5-0E9F-4538-92AB-5D84ED98F01A}.Release|x86.Build.0 = Release|Win32
		{82DBEAB8-7A0C-477A-9C2C-B8968E4429ED}.Debug|x64.ActiveCfg = Debug|x64
		{82DBEAB8-7A0C-477A-9C2C-B8968E4429ED}.Debug|x64.Build.0 = Debug|x64
		{82DBEAB8-7A0C-477A-9C2C-B8968E4429ED}.Debug|x86.ActiveCfg = Debug|Win32
		{82DBEAB8-7A0C-477A-9C2C-B8968E4429ED}.Debug|x86.Build.0 = Debug|Win32
		{82DBEAB8-7A0C-477A-9C2C-B8968E4429ED}.Release|x64.ActiveCfg = Release|x64
		{82DBEAB8-7A0C-477A-9C2C-B8968E4429ED}.Release|x64.Build.0 = Release|x64
		{82DBEAB8-7A0C-477A-9C2C-B8968E4429ED}.Release|x86.ActiveCfg = Release|Win32
		{82DBEAB8-7A0C-477A-9C2C-B8968E4429ED}.Release|x86.Build.0 = Release|Win32
		{F360D0F9-2176-4CC2-87F9-133B5078169F}.Debug|x64.ActiveCfg = Debug|x64
		{F360D0F9-2176-4CC2-87F9-133B5078169F}.Debug|x64.Build.0 = Debug|x64
		{F360D0F9-2176-4CC2-87F9-133B5078169F}.Debug|x86.ActiveCfg = Debug|Win32
		{F360D0F9-2176-4CC2-87F9-133B5078169F}.Debug|x86.Build.0 = Debug|Win32
		{F360D0F9-2176-4CC2-87F9-133B5078169F}.Release|x64.ActiveCfg = Release|x64
		{F360D0F9-2176-4CC2-87F9-133B5078169F}.Release|x64.Build.0 = Release|x64
		{F360D0F9-2176-4CC2-87F9-133B5078169F}.Release|x86.ActiveCfg = Release|Win32
		{F360D0F9-2176-4CC2-87F9-133B5078169F}.Release|x86.Build.0 = Release|Win32
	EndGlobalSection
	GlobalSection(SolutionProperties) = preSolution
		HideSolutionNode = FALSE
	EndGlobalSection
	GlobalSection(ExtensibilityGlobals) = postSolution
		SolutionGuid = {6D3E9368-AAA0-4EC2-B6C1-B3566246EE7B}
	EndGlobalSection
EndGlobal
