<?xml version="1.0" encoding="utf-8"?>
<Project ToolsVersion="4.0" xmlns="http://schemas.microsoft.com/developer/msbuild/2003">
  <ItemGroup>
    <Filter Include="소스 파일">
      <UniqueIdentifier>{4FC737F1-C7A5-4376-A066-2A32D752A2FF}</UniqueIdentifier>
      <Extensions>cpp;c;cc;cxx;def;odl;idl;hpj;bat;asm;asmx</Extensions>
    </Filter>
    <Filter Include="헤더 파일">
      <UniqueIdentifier>{93995380-89BD-4b04-88EB-625FBE52EBFB}</UniqueIdentifier>
      <Extensions>h;hh;hpp;hxx;hm;inl;inc;ipp;xsd</Extensions>
    </Filter>
    <Filter Include="리소스 파일">
      <UniqueIdentifier>{67DA6AB6-F800-4c08-8B7A-83BB121AAD01}</UniqueIdentifier>
      <Extensions>rc;ico;cur;bmp;dlg;rc2;rct;bin;rgs;gif;jpg;jpeg;jpe;resx;tiff;tif;png;wav;mfcribbon-ms</Extensions>
    </Filter>
    <Filter Include="01.Scene">
      <UniqueIdentifier>{3a796a7f-a352-4042-b156-091798637c43}</UniqueIdentifier>
    </Filter>
    <Filter Include="00.Manager">
      <UniqueIdentifier>{05ad9b74-541c-4ea3-99e7-a6dd90ad7b16}</UniqueIdentifier>
    </Filter>
    <Filter Include="02.Object">
      <UniqueIdentifier>{966afd66-3ea3-4938-9b60-09e15338e158}</UniqueIdentifier>
    </Filter>
    <Filter Include="03.Image">
      <UniqueIdentifier>{43572743-1cdb-4045-81a6-87447f6fb7fb}</UniqueIdentifier>
    </Filter>
  </ItemGroup>
  <ItemGroup>
    <ClCompile Include="main.cpp">
      <Filter>소스 파일</Filter>
    </ClCompile>
    <ClCompile Include="MainScene.cpp">
      <Filter>01.Scene</Filter>
    </ClCompile>
    <ClCompile Include="MenuScene.cpp">
      <Filter>01.Scene</Filter>
    </ClCompile>
    <ClCompile Include="Scene.cpp">
      <Filter>01.Scene</Filter>
    </ClCompile>
    <ClCompile Include="SceneManager.cpp">
      <Filter>00.Manager</Filter>
    </ClCompile>
    <ClCompile Include="Object.cpp">
      <Filter>02.Object</Filter>
    </ClCompile>
    <ClCompile Include="Image.cpp">
      <Filter>소스 파일</Filter>
    </ClCompile>
    <ClCompile Include="Tile.cpp">
      <Filter>02.Object</Filter>
    </ClCompile>
    <ClCompile Include="MoveObject.cpp">
      <Filter>02.Object</Filter>
    </ClCompile>
    <ClCompile Include="ResManager.cpp">
      <Filter>소스 파일</Filter>
    </ClCompile>
    <ClCompile Include="TileManager.cpp">
      <Filter>소스 파일</Filter>
    </ClCompile>
  </ItemGroup>
  <ItemGroup>
    <ClInclude Include="resource.h">
      <Filter>헤더 파일</Filter>
    </ClInclude>
    <ClInclude Include="MainScene.h">
      <Filter>01.Scene</Filter>
    </ClInclude>
    <ClInclude Include="MenuScene.h">
      <Filter>01.Scene</Filter>
    </ClInclude>
    <ClInclude Include="SingletoneBase.h">
      <Filter>00.Manager</Filter>
    </ClInclude>
    <ClInclude Include="Global.h">
      <Filter>헤더 파일</Filter>
    </ClInclude>
    <ClInclude Include="Scene.h">
      <Filter>01.Scene</Filter>
    </ClInclude>
    <ClInclude Include="SceneManager.h">
      <Filter>00.Manager</Filter>
    </ClInclude>
    <ClInclude Include="Object.h">
      <Filter>02.Object</Filter>
    </ClInclude>
    <ClInclude Include="Image.h">
      <Filter>헤더 파일</Filter>
    </ClInclude>
    <ClInclude Include="Tile.h">
      <Filter>02.Object</Filter>
    </ClInclude>
    <ClInclude Include="MoveObject.h">
      <Filter>02.Object</Filter>
    </ClInclude>
    <ClInclude Include="ResManager.h">
      <Filter>헤더 파일</Filter>
    </ClInclude>
    <ClInclude Include="macro.h">
      <Filter>헤더 파일</Filter>
    </ClInclude>
    <ClInclude Include="TileManager.h">
      <Filter>헤더 파일</Filter>
    </ClInclude>
  </ItemGroup>
  <ItemGroup>
    <ResourceCompile Include="0904_API_Circus.rc">
      <Filter>리소스 파일</Filter>
    </ResourceCompile>
  </ItemGroup>
</Project>